
Microsoft Visual Studio Solution File, Format Version 12.00
# Visual Studio Version 16
VisualStudioVersion = 16.0.31727.386
MinimumVisualStudioVersion = 10.0.40219.1
Project("{FAE04EC0-301F-11D3-BF4B-00C04F79EFBC}") = "Social Media Map Application.UWP", "Social Media Map Application.UWP\Social Media Map Application.UWP.csproj", "{DBB68EDE-D937-466B-A82B-237661FFCB23}"
EndProject
Project("{FAE04EC0-301F-11D3-BF4B-00C04F79EFBC}") = "Social Media Map Application.Android", "Social Media Map Application.Android\Social Media Map Application.Android.csproj", "{0889EB94-706E-4460-B42B-28A410DD6EB1}"
EndProject
Project("{FAE04EC0-301F-11D3-BF4B-00C04F79EFBC}") = "Social Media Map Application.iOS", "Social Media Map Application.iOS\Social Media Map Application.iOS.csproj", "{4234B511-CF13-48B7-B622-2C5168A3A993}"
EndProject
Project("{FAE04EC0-301F-11D3-BF4B-00C04F79EFBC}") = "Social Media Map Application", "Social Media Map Application\Social Media Map Application.csproj", "{60FC30DB-43BA-48DA-BC5F-2A9E6430DD24}"
EndProject
Global
	GlobalSection(SolutionConfigurationPlatforms) = preSolution
		Debug|Any CPU = Debug|Any CPU
		Debug|ARM = Debug|ARM
		Debug|iPhone = Debug|iPhone
		Debug|iPhoneSimulator = Debug|iPhoneSimulator
		Debug|x64 = Debug|x64
		Debug|x86 = Debug|x86
		Release|Any CPU = Release|Any CPU
		Release|ARM = Release|ARM
		Release|iPhone = Release|iPhone
		Release|iPhoneSimulator = Release|iPhoneSimulator
		Release|x64 = Release|x64
		Release|x86 = Release|x86
	EndGlobalSection
	GlobalSection(ProjectConfigurationPlatforms) = postSolution
		{DBB68EDE-D937-466B-A82B-237661FFCB23}.Debug|Any CPU.ActiveCfg = Debug|x86
		{DBB68EDE-D937-466B-A82B-237661FFCB23}.Debug|Any CPU.Build.0 = Debug|x86
		{DBB68EDE-D937-466B-A82B-237661FFCB23}.Debug|Any CPU.Deploy.0 = Debug|x86
		{DBB68EDE-D937-466B-A82B-237661FFCB23}.Debug|ARM.ActiveCfg = Debug|ARM
		{DBB68EDE-D937-466B-A82B-237661FFCB23}.Debug|ARM.Build.0 = Debug|ARM
		{DBB68EDE-D937-466B-A82B-237661FFCB23}.Debug|ARM.Deploy.0 = Debug|ARM
		{DBB68EDE-D937-466B-A82B-237661FFCB23}.Debug|iPhone.ActiveCfg = Debug|x86
		{DBB68EDE-D937-466B-A82B-237661FFCB23}.Debug|iPhone.Build.0 = Debug|x86
		{DBB68EDE-D937-466B-A82B-237661FFCB23}.Debug|iPhone.Deploy.0 = Debug|x86
		{DBB68EDE-D937-466B-A82B-237661FFCB23}.Debug|iPhoneSimulator.ActiveCfg = Debug|x86
		{DBB68EDE-D937-466B-A82B-237661FFCB23}.Debug|iPhoneSimulator.Build.0 = Debug|x86
		{DBB68EDE-D937-466B-A82B-237661FFCB23}.Debug|iPhoneSimulator.Deploy.0 = Debug|x86
		{DBB68EDE-D937-466B-A82B-237661FFCB23}.Debug|x64.ActiveCfg = Debug|x64
		{DBB68EDE-D937-466B-A82B-237661FFCB23}.Debug|x64.Build.0 = Debug|x64
		{DBB68EDE-D937-466B-A82B-237661FFCB23}.Debug|x64.Deploy.0 = Debug|x64
		{DBB68EDE-D937-466B-A82B-237661FFCB23}.Debug|x86.ActiveCfg = Debug|x86
		{DBB68EDE-D937-466B-A82B-237661FFCB23}.Debug|x86.Build.0 = Debug|x86
		{DBB68EDE-D937-466B-A82B-237661FFCB23}.Debug|x86.Deploy.0 = Debug|x86
		{DBB68EDE-D937-466B-A82B-237661FFCB23}.Release|Any CPU.ActiveCfg = Release|x86
		{DBB68EDE-D937-466B-A82B-237661FFCB23}.Release|Any CPU.Build.0 = Release|x86
		{DBB68EDE-D937-466B-A82B-237661FFCB23}.Release|Any CPU.Deploy.0 = Release|x86
		{DBB68EDE-D937-466B-A82B-237661FFCB23}.Release|ARM.ActiveCfg = Release|ARM
		{DBB68EDE-D937-466B-A82B-237661FFCB23}.Release|ARM.Build.0 = Release|ARM
		{DBB68EDE-D937-466B-A82B-237661FFCB23}.Release|ARM.Deploy.0 = Release|ARM
		{DBB68EDE-D937-466B-A82B-237661FFCB23}.Release|iPhone.ActiveCfg = Release|x86
		{DBB68EDE-D937-466B-A82B-237661FFCB23}.Release|iPhone.Build.0 = Release|x86
		{DBB68EDE-D937-466B-A82B-237661FFCB23}.Release|iPhone.Deploy.0 = Release|x86
		{DBB68EDE-D937-466B-A82B-237661FFCB23}.Release|iPhoneSimulator.ActiveCfg = Release|x86
		{DBB68EDE-D937-466B-A82B-237661FFCB23}.Release|iPhoneSimulator.Build.0 = Release|x86
		{DBB68EDE-D937-466B-A82B-237661FFCB23}.Release|iPhoneSimulator.Deploy.0 = Release|x86
		{DBB68EDE-D937-466B-A82B-237661FFCB23}.Release|x64.ActiveCfg = Release|x64
		{DBB68EDE-D937-466B-A82B-237661FFCB23}.Release|x64.Build.0 = Release|x64
		{DBB68EDE-D937-466B-A82B-237661FFCB23}.Release|x64.Deploy.0 = Release|x64
		{DBB68EDE-D937-466B-A82B-237661FFCB23}.Release|x86.ActiveCfg = Release|x86
		{DBB68EDE-D937-466B-A82B-237661FFCB23}.Release|x86.Build.0 = Release|x86
		{DBB68EDE-D937-466B-A82B-237661FFCB23}.Release|x86.Deploy.0 = Release|x86
		{0889EB94-706E-4460-B42B-28A410DD6EB1}.Debug|Any CPU.ActiveCfg = Debug|Any CPU
		{0889EB94-706E-4460-B42B-28A410DD6EB1}.Debug|Any CPU.Build.0 = Debug|Any CPU
		{0889EB94-706E-4460-B42B-28A410DD6EB1}.Debug|Any CPU.Deploy.0 = Debug|Any CPU
		{0889EB94-706E-4460-B42B-28A410DD6EB1}.Debug|ARM.ActiveCfg = Debug|Any CPU
		{0889EB94-706E-4460-B42B-28A410DD6EB1}.Debug|ARM.Build.0 = Debug|Any CPU
		{0889EB94-706E-4460-B42B-28A410DD6EB1}.Debug|ARM.Deploy.0 = Debug|Any CPU
		{0889EB94-706E-4460-B42B-28A410DD6EB1}.Debug|iPhone.ActiveCfg = Debug|Any CPU
		{0889EB94-706E-4460-B42B-28A410DD6EB1}.Debug|iPhone.Build.0 = Debug|Any CPU
		{0889EB94-706E-4460-B42B-28A410DD6EB1}.Debug|iPhone.Deploy.0 = Debug|Any CPU
		{0889EB94-706E-4460-B42B-28A410DD6EB1}.Debug|iPhoneSimulator.ActiveCfg = Debug|Any CPU
		{0889EB94-706E-4460-B42B-28A410DD6EB1}.Debug|iPhoneSimulator.Build.0 = Debug|Any CPU
		{0889EB94-706E-4460-B42B-28A410DD6EB1}.Debug|iPhoneSimulator.Deploy.0 = Debug|Any CPU
		{0889EB94-706E-4460-B42B-28A410DD6EB1}.Debug|x64.ActiveCfg = Debug|Any CPU
		{0889EB94-706E-4460-B42B-28A410DD6EB1}.Debug|x64.Build.0 = Debug|Any CPU
		{0889EB94-706E-4460-B42B-28A410DD6EB1}.Debug|x64.Deploy.0 = Debug|Any CPU
		{0889EB94-706E-4460-B42B-28A410DD6EB1}.Debug|x86.ActiveCfg = Debug|Any CPU
		{0889EB94-706E-4460-B42B-28A410DD6EB1}.Debug|x86.Build.0 = Debug|Any CPU
		{0889EB94-706E-4460-B42B-28A410DD6EB1}.Debug|x86.Deploy.0 = Debug|Any CPU
		{0889EB94-706E-4460-B42B-28A410DD6EB1}.Release|Any CPU.ActiveCfg = Release|Any CPU
		{0889EB94-706E-4460-B42B-28A410DD6EB1}.Release|Any CPU.Build.0 = Release|Any CPU
		{0889EB94-706E-4460-B42B-28A410DD6EB1}.Release|Any CPU.Deploy.0 = Release|Any CPU
		{0889EB94-706E-4460-B42B-28A410DD6EB1}.Release|ARM.ActiveCfg = Release|Any CPU
		{0889EB94-706E-4460-B42B-28A410DD6EB1}.Release|ARM.Build.0 = Release|Any CPU
		{0889EB94-706E-4460-B42B-28A410DD6EB1}.Release|ARM.Deploy.0 = Release|Any CPU
		{0889EB94-706E-4460-B42B-28A410DD6EB1}.Release|iPhone.ActiveCfg = Release|Any CPU
		{0889EB94-706E-4460-B42B-28A410DD6EB1}.Release|iPhone.Build.0 = Release|Any CPU
		{0889EB94-706E-4460-B42B-28A410DD6EB1}.Release|iPhone.Deploy.0 = Release|Any CPU
		{0889EB94-706E-4460-B42B-28A410DD6EB1}.Release|iPhoneSimulator.ActiveCfg = Release|Any CPU
		{0889EB94-706E-4460-B42B-28A410DD6EB1}.Release|iPhoneSimulator.Build.0 = Release|Any CPU
		{0889EB94-706E-4460-B42B-28A410DD6EB1}.Release|iPhoneSimulator.Deploy.0 = Release|Any CPU
		{0889EB94-706E-4460-B42B-28A410DD6EB1}.Release|x64.ActiveCfg = Release|Any CPU
		{0889EB94-706E-4460-B42B-28A410DD6EB1}.Release|x64.Build.0 = Release|Any CPU
		{0889EB94-706E-4460-B42B-28A410DD6EB1}.Release|x64.Deploy.0 = Release|Any CPU
		{0889EB94-706E-4460-B42B-28A410DD6EB1}.Release|x86.ActiveCfg = Release|Any CPU
		{0889EB94-706E-4460-B42B-28A410DD6EB1}.Release|x86.Build.0 = Release|Any CPU
		{0889EB94-706E-4460-B42B-28A410DD6EB1}.Release|x86.Deploy.0 = Release|Any CPU
		{4234B511-CF13-48B7-B622-2C5168A3A993}.Debug|Any CPU.ActiveCfg = Debug|iPhoneSimulator
		{4234B511-CF13-48B7-B622-2C5168A3A993}.Debug|Any CPU.Build.0 = Debug|iPhoneSimulator
		{4234B511-CF13-48B7-B622-2C5168A3A993}.Debug|Any CPU.Deploy.0 = Debug|iPhoneSimulator
		{4234B511-CF13-48B7-B622-2C5168A3A993}.Debug|ARM.ActiveCfg = Debug|iPhone
		{4234B511-CF13-48B7-B622-2C5168A3A993}.Debug|ARM.Build.0 = Debug|iPhone
		{4234B511-CF13-48B7-B622-2C5168A3A993}.Debug|ARM.Deploy.0 = Debug|iPhone
		{4234B511-CF13-48B7-B622-2C5168A3A993}.Debug|iPhone.ActiveCfg = Debug|iPhone
		{4234B511-CF13-48B7-B622-2C5168A3A993}.Debug|iPhone.Build.0 = Debug|iPhone
		{4234B511-CF13-48B7-B622-2C5168A3A993}.Debug|iPhone.Deploy.0 = Debug|iPhone
		{4234B511-CF13-48B7-B622-2C5168A3A993}.Debug|iPhoneSimulator.ActiveCfg = Debug|iPhoneSimulator
		{4234B511-CF13-48B7-B622-2C5168A3A993}.Debug|iPhoneSimulator.Build.0 = Debug|iPhoneSimulator
		{4234B511-CF13-48B7-B622-2C5168A3A993}.Debug|iPhoneSimulator.Deploy.0 = Debug|iPhoneSimulator
		{4234B511-CF13-48B7-B622-2C5168A3A993}.Debug|x64.ActiveCfg = Debug|iPhoneSimulator
		{4234B511-CF13-48B7-B622-2C5168A3A993}.Debug|x64.Build.0 = Debug|iPhoneSimulator
		{4234B511-CF13-48B7-B622-2C5168A3A993}.Debug|x64.Deploy.0 = Debug|iPhoneSimulator
		{4234B511-CF13-48B7-B622-2C5168A3A993}.Debug|x86.ActiveCfg = Debug|iPhoneSimulator
		{4234B511-CF13-48B7-B622-2C5168A3A993}.Debug|x86.Build.0 = Debug|iPhoneSimulator
		{4234B511-CF13-48B7-B622-2C5168A3A993}.Debug|x86.Deploy.0 = Debug|iPhoneSimulator
		{4234B511-CF13-48B7-B622-2C5168A3A993}.Release|Any CPU.ActiveCfg = Release|iPhoneSimulator
		{4234B511-CF13-48B7-B622-2C5168A3A993}.Release|Any CPU.Build.0 = Release|iPhoneSimulator
		{4234B511-CF13-48B7-B622-2C5168A3A993}.Release|Any CPU.Deploy.0 = Release|iPhoneSimulator
		{4234B511-CF13-48B7-B622-2C5168A3A993}.Release|ARM.ActiveCfg = Release|iPhoneSimulator
		{4234B511-CF13-48B7-B622-2C5168A3A993}.Release|ARM.Build.0 = Release|iPhoneSimulator
		{4234B511-CF13-48B7-B622-2C5168A3A993}.Release|ARM.Deploy.0 = Release|iPhoneSimulator
		{4234B511-CF13-48B7-B622-2C5168A3A993}.Release|iPhone.ActiveCfg = Release|iPhone
		{4234B511-CF13-48B7-B622-2C5168A3A993}.Release|iPhone.Build.0 = Release|iPhone
		{4234B511-CF13-48B7-B622-2C5168A3A993}.Release|iPhone.Deploy.0 = Release|iPhone
		{4234B511-CF13-48B7-B622-2C5168A3A993}.Release|iPhoneSimulator.ActiveCfg = Release|iPhoneSimulator
		{4234B511-CF13-48B7-B622-2C5168A3A993}.Release|iPhoneSimulator.Build.0 = Release|iPhoneSimulator
		{4234B511-CF13-48B7-B622-2C5168A3A993}.Release|iPhoneSimulator.Deploy.0 = Release|iPhoneSimulator
		{4234B511-CF13-48B7-B622-2C5168A3A993}.Release|x64.ActiveCfg = Release|iPhoneSimulator
		{4234B511-CF13-48B7-B622-2C5168A3A993}.Release|x64.Build.0 = Release|iPhoneSimulator
		{4234B511-CF13-48B7-B622-2C5168A3A993}.Release|x64.Deploy.0 = Release|iPhoneSimulator
		{4234B511-CF13-48B7-B622-2C5168A3A993}.Release|x86.ActiveCfg = Release|iPhoneSimulator
		{4234B511-CF13-48B7-B622-2C5168A3A993}.Release|x86.Build.0 = Release|iPhoneSimulator
		{4234B511-CF13-48B7-B622-2C5168A3A993}.Release|x86.Deploy.0 = Release|iPhoneSimulator
		{60FC30DB-43BA-48DA-BC5F-2A9E6430DD24}.Debug|Any CPU.ActiveCfg = Debug|Any CPU
		{60FC30DB-43BA-48DA-BC5F-2A9E6430DD24}.Debug|Any CPU.Build.0 = Debug|Any CPU
		{60FC30DB-43BA-48DA-BC5F-2A9E6430DD24}.Debug|Any CPU.Deploy.0 = Debug|Any CPU
		{60FC30DB-43BA-48DA-BC5F-2A9E6430DD24}.Debug|ARM.ActiveCfg = Debug|Any CPU
		{60FC30DB-43BA-48DA-BC5F-2A9E6430DD24}.Debug|ARM.Build.0 = Debug|Any CPU
		{60FC30DB-43BA-48DA-BC5F-2A9E6430DD24}.Debug|ARM.Deploy.0 = Debug|Any CPU
		{60FC30DB-43BA-48DA-BC5F-2A9E6430DD24}.Debug|iPhone.ActiveCfg = Debug|Any CPU
		{60FC30DB-43BA-48DA-BC5F-2A9E6430DD24}.Debug|iPhone.Build.0 = Debug|Any CPU
		{60FC30DB-43BA-48DA-BC5F-2A9E6430DD24}.Debug|iPhone.Deploy.0 = Debug|Any CPU
		{60FC30DB-43BA-48DA-BC5F-2A9E6430DD24}.Debug|iPhoneSimulator.ActiveCfg = Debug|Any CPU
		{60FC30DB-43BA-48DA-BC5F-2A9E6430DD24}.Debug|iPhoneSimulator.Build.0 = Debug|Any CPU
		{60FC30DB-43BA-48DA-BC5F-2A9E6430DD24}.Debug|iPhoneSimulator.Deploy.0 = Debug|Any CPU
		{60FC30DB-43BA-48DA-BC5F-2A9E6430DD24}.Debug|x64.ActiveCfg = Debug|Any CPU
		{60FC30DB-43BA-48DA-BC5F-2A9E6430DD24}.Debug|x64.Build.0 = Debug|Any CPU
		{60FC30DB-43BA-48DA-BC5F-2A9E6430DD24}.Debug|x64.Deploy.0 = Debug|Any CPU
		{60FC30DB-43BA-48DA-BC5F-2A9E6430DD24}.Debug|x86.ActiveCfg = Debug|Any CPU
		{60FC30DB-43BA-48DA-BC5F-2A9E6430DD24}.Debug|x86.Build.0 = Debug|Any CPU
		{60FC30DB-43BA-48DA-BC5F-2A9E6430DD24}.Debug|x86.Deploy.0 = Debug|Any CPU
		{60FC30DB-43BA-48DA-BC5F-2A9E6430DD24}.Release|Any CPU.ActiveCfg = Release|Any CPU
		{60FC30DB-43BA-48DA-BC5F-2A9E6430DD24}.Release|Any CPU.Build.0 = Release|Any CPU
		{60FC30DB-43BA-48DA-BC5F-2A9E6430DD24}.Release|Any CPU.Deploy.0 = Release|Any CPU
		{60FC30DB-43BA-48DA-BC5F-2A9E6430DD24}.Release|ARM.ActiveCfg = Release|Any CPU
		{60FC30DB-43BA-48DA-BC5F-2A9E6430DD24}.Release|ARM.Build.0 = Release|Any CPU
		{60FC30DB-43BA-48DA-BC5F-2A9E6430DD24}.Release|ARM.Deploy.0 = Release|Any CPU
		{60FC30DB-43BA-48DA-BC5F-2A9E6430DD24}.Release|iPhone.ActiveCfg = Release|Any CPU
		{60FC30DB-43BA-48DA-BC5F-2A9E6430DD24}.Release|iPhone.Build.0 = Release|Any CPU
		{60FC30DB-43BA-48DA-BC5F-2A9E6430DD24}.Release|iPhone.Deploy.0 = Release|Any CPU
		{60FC30DB-43BA-48DA-BC5F-2A9E6430DD24}.Release|iPhoneSimulator.ActiveCfg = Release|Any CPU
		{60FC30DB-43BA-48DA-BC5F-2A9E6430DD24}.Release|iPhoneSimulator.Build.0 = Release|Any CPU
		{60FC30DB-43BA-48DA-BC5F-2A9E6430DD24}.Release|iPhoneSimulator.Deploy.0 = Release|Any CPU
		{60FC30DB-43BA-48DA-BC5F-2A9E6430DD24}.Release|x64.ActiveCfg = Release|Any CPU
		{60FC30DB-43BA-48DA-BC5F-2A9E6430DD24}.Release|x64.Build.0 = Release|Any CPU
		{60FC30DB-43BA-48DA-BC5F-2A9E6430DD24}.Release|x64.Deploy.0 = Release|Any CPU
		{60FC30DB-43BA-48DA-BC5F-2A9E6430DD24}.Release|x86.ActiveCfg = Release|Any CPU
		{60FC30DB-43BA-48DA-BC5F-2A9E6430DD24}.Release|x86.Build.0 = Release|Any CPU
		{60FC30DB-43BA-48DA-BC5F-2A9E6430DD24}.Release|x86.Deploy.0 = Release|Any CPU
	EndGlobalSection
	GlobalSection(SolutionProperties) = preSolution
		HideSolutionNode = FALSE
	EndGlobalSection
	GlobalSection(ExtensibilityGlobals) = postSolution
		SolutionGuid = {EE126E22-0A05-465A-B9BD-9E690F2129BD}
	EndGlobalSection
EndGlobal
